// !$*UTF8*$!
{
	archiveVersion = 1;
	classes = {
	};
	objectVersion = 46;
	objects = {

/* Begin PBXBuildFile section */
		23E820D51D80F42A007A7205 /* main.m in Sources */ = {isa = PBXBuildFile; fileRef = 23E820D41D80F42A007A7205 /* main.m */; };
		23E820D81D80F42A007A7205 /* AppDelegate.m in Sources */ = {isa = PBXBuildFile; fileRef = 23E820D71D80F42A007A7205 /* AppDelegate.m */; };
		23E820E01D80F42A007A7205 /* Assets.xcassets in Resources */ = {isa = PBXBuildFile; fileRef = 23E820DF1D80F42A007A7205 /* Assets.xcassets */; };
		8511020E2398FE7381AAA08C /* libPods-LoveBee.a in Frameworks */ = {isa = PBXBuildFile; fileRef = 6727408D407E81D97B8A6929 /* libPods-LoveBee.a */; };
		E3CB46031D86971000FDAAF5 /* LBRefreshHeaderView.m in Sources */ = {isa = PBXBuildFile; fileRef = E3CB46021D86971000FDAAF5 /* LBRefreshHeaderView.m */; };
		E3D86AD91D8538FD0002E7A4 /* AFHTTPTool.m in Sources */ = {isa = PBXBuildFile; fileRef = E3D86A8C1D8538FD0002E7A4 /* AFHTTPTool.m */; };
		E3D86ADA1D8538FD0002E7A4 /* UIView+Frame.m in Sources */ = {isa = PBXBuildFile; fileRef = E3D86A8E1D8538FD0002E7A4 /* UIView+Frame.m */; };
		E3D86ADB1D8538FD0002E7A4 /* NSArray+Log.m in Sources */ = {isa = PBXBuildFile; fileRef = E3D86A921D8538FD0002E7A4 /* NSArray+Log.m */; };
		E3D86ADC1D8538FD0002E7A4 /* LBGoodsModel.m in Sources */ = {isa = PBXBuildFile; fileRef = E3D86A961D8538FD0002E7A4 /* LBGoodsModel.m */; };
		E3D86ADD1D8538FD0002E7A4 /* LBHomeActivitieModel.m in Sources */ = {isa = PBXBuildFile; fileRef = E3D86A981D8538FD0002E7A4 /* LBHomeActivitieModel.m */; };
		E3D86ADE1D8538FD0002E7A4 /* LBGuideCollectionViewController.m in Sources */ = {isa = PBXBuildFile; fileRef = E3D86A9D1D8538FD0002E7A4 /* LBGuideCollectionViewController.m */; };
		E3D86ADF1D8538FD0002E7A4 /* LBGuideCell.m in Sources */ = {isa = PBXBuildFile; fileRef = E3D86AA11D8538FD0002E7A4 /* LBGuideCell.m */; };
		E3D86AE01D8538FD0002E7A4 /* Home.storyboard in Resources */ = {isa = PBXBuildFile; fileRef = E3D86AA31D8538FD0002E7A4 /* Home.storyboard */; };
		E3D86AE71D8538FD0002E7A4 /* LBBaseNavController.m in Sources */ = {isa = PBXBuildFile; fileRef = E3D86AB21D8538FD0002E7A4 /* LBBaseNavController.m */; };
		E3D86AE81D8538FD0002E7A4 /* LBMainViewController.m in Sources */ = {isa = PBXBuildFile; fileRef = E3D86AB41D8538FD0002E7A4 /* LBMainViewController.m */; };
		E3D86AE91D8538FD0002E7A4 /* LBTabBarController.m in Sources */ = {isa = PBXBuildFile; fileRef = E3D86AB61D8538FD0002E7A4 /* LBTabBarController.m */; };
		E3D86AEA1D8538FD0002E7A4 /* LBgoodsViewController.m in Sources */ = {isa = PBXBuildFile; fileRef = E3D86AB91D8538FD0002E7A4 /* LBgoodsViewController.m */; };
		E3D86AEB1D8538FD0002E7A4 /* LBMeCell.m in Sources */ = {isa = PBXBuildFile; fileRef = E3D86ABB1D8538FD0002E7A4 /* LBMeCell.m */; };
		E3D86AEC1D8538FD0002E7A4 /* LBMeCell.xib in Resources */ = {isa = PBXBuildFile; fileRef = E3D86ABC1D8538FD0002E7A4 /* LBMeCell.xib */; };
		E3D86AED1D8538FD0002E7A4 /* LBMeFourCell.m in Sources */ = {isa = PBXBuildFile; fileRef = E3D86ABE1D8538FD0002E7A4 /* LBMeFourCell.m */; };
		E3D86AEE1D8538FD0002E7A4 /* LBMeFourCell.xib in Resources */ = {isa = PBXBuildFile; fileRef = E3D86ABF1D8538FD0002E7A4 /* LBMeFourCell.xib */; };
		E3D86AEF1D8538FD0002E7A4 /* LBMeorderViewController.m in Sources */ = {isa = PBXBuildFile; fileRef = E3D86AC11D8538FD0002E7A4 /* LBMeorderViewController.m */; };
		E3D86AF01D8538FD0002E7A4 /* LBMeTableViewController.m in Sources */ = {isa = PBXBuildFile; fileRef = E3D86AC31D8538FD0002E7A4 /* LBMeTableViewController.m */; };
		E3D86AF11D8538FD0002E7A4 /* LBMeTwoCell.m in Sources */ = {isa = PBXBuildFile; fileRef = E3D86AC51D8538FD0002E7A4 /* LBMeTwoCell.m */; };
		E3D86AF21D8538FD0002E7A4 /* LBMeTwoCell.xib in Resources */ = {isa = PBXBuildFile; fileRef = E3D86AC61D8538FD0002E7A4 /* LBMeTwoCell.xib */; };
		E3D86AF31D8538FD0002E7A4 /* LBThreeCell.m in Sources */ = {isa = PBXBuildFile; fileRef = E3D86AC81D8538FD0002E7A4 /* LBThreeCell.m */; };
		E3D86AF41D8538FD0002E7A4 /* LBThreeCell.xib in Resources */ = {isa = PBXBuildFile; fileRef = E3D86AC91D8538FD0002E7A4 /* LBThreeCell.xib */; };
		E3D86AF51D8538FD0002E7A4 /* Me.storyboard in Resources */ = {isa = PBXBuildFile; fileRef = E3D86ACA1D8538FD0002E7A4 /* Me.storyboard */; };
		E3D86AF61D8538FD0002E7A4 /* Shopping.storyboard in Resources */ = {isa = PBXBuildFile; fileRef = E3D86ACC1D8538FD0002E7A4 /* Shopping.storyboard */; };
		E3D86AF71D8538FD0002E7A4 /* LBSupermarketViewController.m in Sources */ = {isa = PBXBuildFile; fileRef = E3D86ACF1D8538FD0002E7A4 /* LBSupermarketViewController.m */; };
		E3D86AF81D8538FD0002E7A4 /* Supermarket.storyboard in Resources */ = {isa = PBXBuildFile; fileRef = E3D86AD01D8538FD0002E7A4 /* Supermarket.storyboard */; };
		E3D86AF91D8538FD0002E7A4 /* LBRightTableViewCell.m in Sources */ = {isa = PBXBuildFile; fileRef = E3D86AD31D8538FD0002E7A4 /* LBRightTableViewCell.m */; };
		E3D86AFA1D8538FD0002E7A4 /* LBHomeViewModel.m in Sources */ = {isa = PBXBuildFile; fileRef = E3D86AD61D8538FD0002E7A4 /* LBHomeViewModel.m */; };
		E3D86AFB1D8538FD0002E7A4 /* LBSuperLeftTableViewModel.m in Sources */ = {isa = PBXBuildFile; fileRef = E3D86AD81D8538FD0002E7A4 /* LBSuperLeftTableViewModel.m */; };
		E3D86B0A1D8541110002E7A4 /* LBHomeViewController.m in Sources */ = {isa = PBXBuildFile; fileRef = E3D86AFE1D8541110002E7A4 /* LBHomeViewController.m */; };
		E3D86B0B1D8541110002E7A4 /* LBWebViewController.m in Sources */ = {isa = PBXBuildFile; fileRef = E3D86B001D8541110002E7A4 /* LBWebViewController.m */; };
		E3D86B0C1D8541110002E7A4 /* LBBuyView.m in Sources */ = {isa = PBXBuildFile; fileRef = E3D86B031D8541110002E7A4 /* LBBuyView.m */; };
		E3D86B0D1D8541110002E7A4 /* LBHomeCell.m in Sources */ = {isa = PBXBuildFile; fileRef = E3D86B051D8541110002E7A4 /* LBHomeCell.m */; };
		E3D86B0E1D8541110002E7A4 /* LBHomeHeadView.m in Sources */ = {isa = PBXBuildFile; fileRef = E3D86B071D8541110002E7A4 /* LBHomeHeadView.m */; };
		E3D86B0F1D8541110002E7A4 /* LBPriceView.m in Sources */ = {isa = PBXBuildFile; fileRef = E3D86B091D8541110002E7A4 /* LBPriceView.m */; };
		E3D86B121D857C980002E7A4 /* LBUserShopCar.m in Sources */ = {isa = PBXBuildFile; fileRef = E3D86B111D857C980002E7A4 /* LBUserShopCar.m */; };
/* End PBXBuildFile section */

/* Begin PBXFileReference section */
		204A6523747E0B100050B0B6 /* Pods-LoveBee.debug.xcconfig */ = {isa = PBXFileReference; includeInIndex = 1; lastKnownFileType = text.xcconfig; name = "Pods-LoveBee.debug.xcconfig"; path = "Pods/Target Support Files/Pods-LoveBee/Pods-LoveBee.debug.xcconfig"; sourceTree = "<group>"; };
		23E820D01D80F42A007A7205 /* LoveBee.app */ = {isa = PBXFileReference; explicitFileType = wrapper.application; includeInIndex = 0; path = LoveBee.app; sourceTree = BUILT_PRODUCTS_DIR; };
		23E820D41D80F42A007A7205 /* main.m */ = {isa = PBXFileReference; lastKnownFileType = sourcecode.c.objc; path = main.m; sourceTree = "<group>"; };
		23E820D61D80F42A007A7205 /* AppDelegate.h */ = {isa = PBXFileReference; lastKnownFileType = sourcecode.c.h; path = AppDelegate.h; sourceTree = "<group>"; };
		23E820D71D80F42A007A7205 /* AppDelegate.m */ = {isa = PBXFileReference; lastKnownFileType = sourcecode.c.objc; path = AppDelegate.m; sourceTree = "<group>"; };
		23E820DF1D80F42A007A7205 /* Assets.xcassets */ = {isa = PBXFileReference; lastKnownFileType = folder.assetcatalog; path = Assets.xcassets; sourceTree = "<group>"; };
		23E820E41D80F42A007A7205 /* Info.plist */ = {isa = PBXFileReference; lastKnownFileType = text.plist.xml; path = Info.plist; sourceTree = "<group>"; };
		23FA61071D80FBCD009B928F /* PrefixHeader.pch */ = {isa = PBXFileReference; lastKnownFileType = sourcecode.c.h; path = PrefixHeader.pch; sourceTree = "<group>"; };
		6727408D407E81D97B8A6929 /* libPods-LoveBee.a */ = {isa = PBXFileReference; explicitFileType = archive.ar; includeInIndex = 0; path = "libPods-LoveBee.a"; sourceTree = BUILT_PRODUCTS_DIR; };
		6AC67DAE5FAE794132970D32 /* Pods-LoveBee.release.xcconfig */ = {isa = PBXFileReference; includeInIndex = 1; lastKnownFileType = text.xcconfig; name = "Pods-LoveBee.release.xcconfig"; path = "Pods/Target Support Files/Pods-LoveBee/Pods-LoveBee.release.xcconfig"; sourceTree = "<group>"; };
		E3CB46011D86971000FDAAF5 /* LBRefreshHeaderView.h */ = {isa = PBXFileReference; fileEncoding = 4; lastKnownFileType = sourcecode.c.h; path = LBRefreshHeaderView.h; sourceTree = "<group>"; };
		E3CB46021D86971000FDAAF5 /* LBRefreshHeaderView.m */ = {isa = PBXFileReference; fileEncoding = 4; lastKnownFileType = sourcecode.c.objc; path = LBRefreshHeaderView.m; sourceTree = "<group>"; };
		E3D86A8B1D8538FD0002E7A4 /* AFHTTPTool.h */ = {isa = PBXFileReference; fileEncoding = 4; lastKnownFileType = sourcecode.c.h; path = AFHTTPTool.h; sourceTree = "<group>"; };
		E3D86A8C1D8538FD0002E7A4 /* AFHTTPTool.m */ = {isa = PBXFileReference; fileEncoding = 4; lastKnownFileType = sourcecode.c.objc; path = AFHTTPTool.m; sourceTree = "<group>"; };
		E3D86A8D1D8538FD0002E7A4 /* UIView+Frame.h */ = {isa = PBXFileReference; fileEncoding = 4; lastKnownFileType = sourcecode.c.h; path = "UIView+Frame.h"; sourceTree = "<group>"; };
		E3D86A8E1D8538FD0002E7A4 /* UIView+Frame.m */ = {isa = PBXFileReference; fileEncoding = 4; lastKnownFileType = sourcecode.c.objc; path = "UIView+Frame.m"; sourceTree = "<group>"; };
		E3D86A911D8538FD0002E7A4 /* NSArray+Log.h */ = {isa = PBXFileReference; fileEncoding = 4; lastKnownFileType = sourcecode.c.h; path = "NSArray+Log.h"; sourceTree = "<group>"; };
		E3D86A921D8538FD0002E7A4 /* NSArray+Log.m */ = {isa = PBXFileReference; fileEncoding = 4; lastKnownFileType = sourcecode.c.objc; path = "NSArray+Log.m"; sourceTree = "<group>"; };
		E3D86A951D8538FD0002E7A4 /* LBGoodsModel.h */ = {isa = PBXFileReference; fileEncoding = 4; lastKnownFileType = sourcecode.c.h; path = LBGoodsModel.h; sourceTree = "<group>"; };
		E3D86A961D8538FD0002E7A4 /* LBGoodsModel.m */ = {isa = PBXFileReference; fileEncoding = 4; lastKnownFileType = sourcecode.c.objc; path = LBGoodsModel.m; sourceTree = "<group>"; };
		E3D86A971D8538FD0002E7A4 /* LBHomeActivitieModel.h */ = {isa = PBXFileReference; fileEncoding = 4; lastKnownFileType = sourcecode.c.h; path = LBHomeActivitieModel.h; sourceTree = "<group>"; };
		E3D86A981D8538FD0002E7A4 /* LBHomeActivitieModel.m */ = {isa = PBXFileReference; fileEncoding = 4; lastKnownFileType = sourcecode.c.objc; path = LBHomeActivitieModel.m; sourceTree = "<group>"; };
		E3D86A9C1D8538FD0002E7A4 /* LBGuideCollectionViewController.h */ = {isa = PBXFileReference; fileEncoding = 4; lastKnownFileType = sourcecode.c.h; path = LBGuideCollectionViewController.h; sourceTree = "<group>"; };
		E3D86A9D1D8538FD0002E7A4 /* LBGuideCollectionViewController.m */ = {isa = PBXFileReference; fileEncoding = 4; lastKnownFileType = sourcecode.c.objc; path = LBGuideCollectionViewController.m; sourceTree = "<group>"; };
		E3D86A9E1D8538FD0002E7A4 /* PrefixHeader.pch */ = {isa = PBXFileReference; fileEncoding = 4; lastKnownFileType = sourcecode.c.h; path = PrefixHeader.pch; sourceTree = "<group>"; };
		E3D86AA01D8538FD0002E7A4 /* LBGuideCell.h */ = {isa = PBXFileReference; fileEncoding = 4; lastKnownFileType = sourcecode.c.h; path = LBGuideCell.h; sourceTree = "<group>"; };
		E3D86AA11D8538FD0002E7A4 /* LBGuideCell.m */ = {isa = PBXFileReference; fileEncoding = 4; lastKnownFileType = sourcecode.c.objc; path = LBGuideCell.m; sourceTree = "<group>"; };
		E3D86AA31D8538FD0002E7A4 /* Home.storyboard */ = {isa = PBXFileReference; fileEncoding = 4; lastKnownFileType = file.storyboard; name = Home.storyboard; path = ../Home.storyboard; sourceTree = "<group>"; };
		E3D86AB11D8538FD0002E7A4 /* LBBaseNavController.h */ = {isa = PBXFileReference; fileEncoding = 4; lastKnownFileType = sourcecode.c.h; path = LBBaseNavController.h; sourceTree = "<group>"; };
		E3D86AB21D8538FD0002E7A4 /* LBBaseNavController.m */ = {isa = PBXFileReference; fileEncoding = 4; lastKnownFileType = sourcecode.c.objc; path = LBBaseNavController.m; sourceTree = "<group>"; };
		E3D86AB31D8538FD0002E7A4 /* LBMainViewController.h */ = {isa = PBXFileReference; fileEncoding = 4; lastKnownFileType = sourcecode.c.h; path = LBMainViewController.h; sourceTree = "<group>"; };
		E3D86AB41D8538FD0002E7A4 /* LBMainViewController.m */ = {isa = PBXFileReference; fileEncoding = 4; lastKnownFileType = sourcecode.c.objc; path = LBMainViewController.m; sourceTree = "<group>"; };
		E3D86AB51D8538FD0002E7A4 /* LBTabBarController.h */ = {isa = PBXFileReference; fileEncoding = 4; lastKnownFileType = sourcecode.c.h; path = LBTabBarController.h; sourceTree = "<group>"; };
		E3D86AB61D8538FD0002E7A4 /* LBTabBarController.m */ = {isa = PBXFileReference; fileEncoding = 4; lastKnownFileType = sourcecode.c.objc; path = LBTabBarController.m; sourceTree = "<group>"; };
		E3D86AB81D8538FD0002E7A4 /* LBgoodsViewController.h */ = {isa = PBXFileReference; fileEncoding = 4; lastKnownFileType = sourcecode.c.h; path = LBgoodsViewController.h; sourceTree = "<group>"; };
		E3D86AB91D8538FD0002E7A4 /* LBgoodsViewController.m */ = {isa = PBXFileReference; fileEncoding = 4; lastKnownFileType = sourcecode.c.objc; path = LBgoodsViewController.m; sourceTree = "<group>"; };
		E3D86ABA1D8538FD0002E7A4 /* LBMeCell.h */ = {isa = PBXFileReference; fileEncoding = 4; lastKnownFileType = sourcecode.c.h; path = LBMeCell.h; sourceTree = "<group>"; };
		E3D86ABB1D8538FD0002E7A4 /* LBMeCell.m */ = {isa = PBXFileReference; fileEncoding = 4; lastKnownFileType = sourcecode.c.objc; path = LBMeCell.m; sourceTree = "<group>"; };
		E3D86ABC1D8538FD0002E7A4 /* LBMeCell.xib */ = {isa = PBXFileReference; fileEncoding = 4; lastKnownFileType = file.xib; path = LBMeCell.xib; sourceTree = "<group>"; };
		E3D86ABD1D8538FD0002E7A4 /* LBMeFourCell.h */ = {isa = PBXFileReference; fileEncoding = 4; lastKnownFileType = sourcecode.c.h; path = LBMeFourCell.h; sourceTree = "<group>"; };
		E3D86ABE1D8538FD0002E7A4 /* LBMeFourCell.m */ = {isa = PBXFileReference; fileEncoding = 4; lastKnownFileType = sourcecode.c.objc; path = LBMeFourCell.m; sourceTree = "<group>"; };
		E3D86ABF1D8538FD0002E7A4 /* LBMeFourCell.xib */ = {isa = PBXFileReference; fileEncoding = 4; lastKnownFileType = file.xib; path = LBMeFourCell.xib; sourceTree = "<group>"; };
		E3D86AC01D8538FD0002E7A4 /* LBMeorderViewController.h */ = {isa = PBXFileReference; fileEncoding = 4; lastKnownFileType = sourcecode.c.h; path = LBMeorderViewController.h; sourceTree = "<group>"; };
		E3D86AC11D8538FD0002E7A4 /* LBMeorderViewController.m */ = {isa = PBXFileReference; fileEncoding = 4; lastKnownFileType = sourcecode.c.objc; path = LBMeorderViewController.m; sourceTree = "<group>"; };
		E3D86AC21D8538FD0002E7A4 /* LBMeTableViewController.h */ = {isa = PBXFileReference; fileEncoding = 4; lastKnownFileType = sourcecode.c.h; path = LBMeTableViewController.h; sourceTree = "<group>"; };
		E3D86AC31D8538FD0002E7A4 /* LBMeTableViewController.m */ = {isa = PBXFileReference; fileEncoding = 4; lastKnownFileType = sourcecode.c.objc; path = LBMeTableViewController.m; sourceTree = "<group>"; };
		E3D86AC41D8538FD0002E7A4 /* LBMeTwoCell.h */ = {isa = PBXFileReference; fileEncoding = 4; lastKnownFileType = sourcecode.c.h; path = LBMeTwoCell.h; sourceTree = "<group>"; };
		E3D86AC51D8538FD0002E7A4 /* LBMeTwoCell.m */ = {isa = PBXFileReference; fileEncoding = 4; lastKnownFileType = sourcecode.c.objc; path = LBMeTwoCell.m; sourceTree = "<group>"; };
		E3D86AC61D8538FD0002E7A4 /* LBMeTwoCell.xib */ = {isa = PBXFileReference; fileEncoding = 4; lastKnownFileType = file.xib; path = LBMeTwoCell.xib; sourceTree = "<group>"; };
		E3D86AC71D8538FD0002E7A4 /* LBThreeCell.h */ = {isa = PBXFileReference; fileEncoding = 4; lastKnownFileType = sourcecode.c.h; path = LBThreeCell.h; sourceTree = "<group>"; };
		E3D86AC81D8538FD0002E7A4 /* LBThreeCell.m */ = {isa = PBXFileReference; fileEncoding = 4; lastKnownFileType = sourcecode.c.objc; path = LBThreeCell.m; sourceTree = "<group>"; };
		E3D86AC91D8538FD0002E7A4 /* LBThreeCell.xib */ = {isa = PBXFileReference; fileEncoding = 4; lastKnownFileType = file.xib; path = LBThreeCell.xib; sourceTree = "<group>"; };
		E3D86ACA1D8538FD0002E7A4 /* Me.storyboard */ = {isa = PBXFileReference; fileEncoding = 4; lastKnownFileType = file.storyboard; path = Me.storyboard; sourceTree = "<group>"; };
		E3D86ACC1D8538FD0002E7A4 /* Shopping.storyboard */ = {isa = PBXFileReference; fileEncoding = 4; lastKnownFileType = file.storyboard; path = Shopping.storyboard; sourceTree = "<group>"; };
		E3D86ACE1D8538FD0002E7A4 /* LBSupermarketViewController.h */ = {isa = PBXFileReference; fileEncoding = 4; lastKnownFileType = sourcecode.c.h; path = LBSupermarketViewController.h; sourceTree = "<group>"; };
		E3D86ACF1D8538FD0002E7A4 /* LBSupermarketViewController.m */ = {isa = PBXFileReference; fileEncoding = 4; lastKnownFileType = sourcecode.c.objc; path = LBSupermarketViewController.m; sourceTree = "<group>"; };
		E3D86AD01D8538FD0002E7A4 /* Supermarket.storyboard */ = {isa = PBXFileReference; fileEncoding = 4; lastKnownFileType = file.storyboard; path = Supermarket.storyboard; sourceTree = "<group>"; };
		E3D86AD21D8538FD0002E7A4 /* LBRightTableViewCell.h */ = {isa = PBXFileReference; fileEncoding = 4; lastKnownFileType = sourcecode.c.h; path = LBRightTableViewCell.h; sourceTree = "<group>"; };
		E3D86AD31D8538FD0002E7A4 /* LBRightTableViewCell.m */ = {isa = PBXFileReference; fileEncoding = 4; lastKnownFileType = sourcecode.c.objc; path = LBRightTableViewCell.m; sourceTree = "<group>"; };
		E3D86AD51D8538FD0002E7A4 /* LBHomeViewModel.h */ = {isa = PBXFileReference; fileEncoding = 4; lastKnownFileType = sourcecode.c.h; path = LBHomeViewModel.h; sourceTree = "<group>"; };
		E3D86AD61D8538FD0002E7A4 /* LBHomeViewModel.m */ = {isa = PBXFileReference; fileEncoding = 4; lastKnownFileType = sourcecode.c.objc; path = LBHomeViewModel.m; sourceTree = "<group>"; };
		E3D86AD71D8538FD0002E7A4 /* LBSuperLeftTableViewModel.h */ = {isa = PBXFileReference; fileEncoding = 4; lastKnownFileType = sourcecode.c.h; path = LBSuperLeftTableViewModel.h; sourceTree = "<group>"; };
		E3D86AD81D8538FD0002E7A4 /* LBSuperLeftTableViewModel.m */ = {isa = PBXFileReference; fileEncoding = 4; lastKnownFileType = sourcecode.c.objc; path = LBSuperLeftTableViewModel.m; sourceTree = "<group>"; };
		E3D86AFD1D8541110002E7A4 /* LBHomeViewController.h */ = {isa = PBXFileReference; fileEncoding = 4; lastKnownFileType = sourcecode.c.h; path = LBHomeViewController.h; sourceTree = "<group>"; };
		E3D86AFE1D8541110002E7A4 /* LBHomeViewController.m */ = {isa = PBXFileReference; fileEncoding = 4; lastKnownFileType = sourcecode.c.objc; path = LBHomeViewController.m; sourceTree = "<group>"; };
		E3D86AFF1D8541110002E7A4 /* LBWebViewController.h */ = {isa = PBXFileReference; fileEncoding = 4; lastKnownFileType = sourcecode.c.h; path = LBWebViewController.h; sourceTree = "<group>"; };
		E3D86B001D8541110002E7A4 /* LBWebViewController.m */ = {isa = PBXFileReference; fileEncoding = 4; lastKnownFileType = sourcecode.c.objc; path = LBWebViewController.m; sourceTree = "<group>"; };
		E3D86B021D8541110002E7A4 /* LBBuyView.h */ = {isa = PBXFileReference; fileEncoding = 4; lastKnownFileType = sourcecode.c.h; path = LBBuyView.h; sourceTree = "<group>"; };
		E3D86B031D8541110002E7A4 /* LBBuyView.m */ = {isa = PBXFileReference; fileEncoding = 4; lastKnownFileType = sourcecode.c.objc; path = LBBuyView.m; sourceTree = "<group>"; };
		E3D86B041D8541110002E7A4 /* LBHomeCell.h */ = {isa = PBXFileReference; fileEncoding = 4; lastKnownFileType = sourcecode.c.h; path = LBHomeCell.h; sourceTree = "<group>"; };
		E3D86B051D8541110002E7A4 /* LBHomeCell.m */ = {isa = PBXFileReference; fileEncoding = 4; lastKnownFileType = sourcecode.c.objc; path = LBHomeCell.m; sourceTree = "<group>"; };
		E3D86B061D8541110002E7A4 /* LBHomeHeadView.h */ = {isa = PBXFileReference; fileEncoding = 4; lastKnownFileType = sourcecode.c.h; path = LBHomeHeadView.h; sourceTree = "<group>"; };
		E3D86B071D8541110002E7A4 /* LBHomeHeadView.m */ = {isa = PBXFileReference; fileEncoding = 4; lastKnownFileType = sourcecode.c.objc; path = LBHomeHeadView.m; sourceTree = "<group>"; };
		E3D86B081D8541110002E7A4 /* LBPriceView.h */ = {isa = PBXFileReference; fileEncoding = 4; lastKnownFileType = sourcecode.c.h; path = LBPriceView.h; sourceTree = "<group>"; };
		E3D86B091D8541110002E7A4 /* LBPriceView.m */ = {isa = PBXFileReference; fileEncoding = 4; lastKnownFileType = sourcecode.c.objc; path = LBPriceView.m; sourceTree = "<group>"; };
		E3D86B101D857C980002E7A4 /* LBUserShopCar.h */ = {isa = PBXFileReference; fileEncoding = 4; lastKnownFileType = sourcecode.c.h; path = LBUserShopCar.h; sourceTree = "<group>"; };
		E3D86B111D857C980002E7A4 /* LBUserShopCar.m */ = {isa = PBXFileReference; fileEncoding = 4; lastKnownFileType = sourcecode.c.objc; path = LBUserShopCar.m; sourceTree = "<group>"; };
/* End PBXFileReference section */

/* Begin PBXFrameworksBuildPhase section */
		23E820CD1D80F42A007A7205 /* Frameworks */ = {
			isa = PBXFrameworksBuildPhase;
			buildActionMask = 2147483647;
			files = (
				8511020E2398FE7381AAA08C /* libPods-LoveBee.a in Frameworks */,
			);
			runOnlyForDeploymentPostprocessing = 0;
		};
/* End PBXFrameworksBuildPhase section */

/* Begin PBXGroup section */
		23E820C71D80F42A007A7205 = {
			isa = PBXGroup;
			children = (
				23E820D21D80F42A007A7205 /* LoveBee */,
				23E820D11D80F42A007A7205 /* Products */,
				69A3514D538330A13C3332E3 /* Pods */,
				BEDEF443B0EFD9BCCC3A4C1C /* Frameworks */,
			);
			sourceTree = "<group>";
		};
		23E820D11D80F42A007A7205 /* Products */ = {
			isa = PBXGroup;
			children = (
				23E820D01D80F42A007A7205 /* LoveBee.app */,
			);
			name = Products;
			sourceTree = "<group>";
		};
		23E820D21D80F42A007A7205 /* LoveBee */ = {
			isa = PBXGroup;
			children = (
				E3D86A891D8538FD0002E7A4 /* Classes */,
				23E820D61D80F42A007A7205 /* AppDelegate.h */,
				23E820D71D80F42A007A7205 /* AppDelegate.m */,
				23E820DF1D80F42A007A7205 /* Assets.xcassets */,
				23E820E41D80F42A007A7205 /* Info.plist */,
				23E820D31D80F42A007A7205 /* Supporting Files */,
				23FA61071D80FBCD009B928F /* PrefixHeader.pch */,
			);
			path = LoveBee;
			sourceTree = "<group>";
		};
		23E820D31D80F42A007A7205 /* Supporting Files */ = {
			isa = PBXGroup;
			children = (
				23E820D41D80F42A007A7205 /* main.m */,
			);
			name = "Supporting Files";
			sourceTree = "<group>";
		};
		69A3514D538330A13C3332E3 /* Pods */ = {
			isa = PBXGroup;
			children = (
				204A6523747E0B100050B0B6 /* Pods-LoveBee.debug.xcconfig */,
				6AC67DAE5FAE794132970D32 /* Pods-LoveBee.release.xcconfig */,
			);
			name = Pods;
			sourceTree = "<group>";
		};
		BEDEF443B0EFD9BCCC3A4C1C /* Frameworks */ = {
			isa = PBXGroup;
			children = (
				6727408D407E81D97B8A6929 /* libPods-LoveBee.a */,
			);
			name = Frameworks;
			sourceTree = "<group>";
		};
		E3D86A891D8538FD0002E7A4 /* Classes */ = {
			isa = PBXGroup;
			children = (
				E3D86A8A1D8538FD0002E7A4 /* Commom */,
				E3D86A8F1D8538FD0002E7A4 /* Lib */,
				E3D86A931D8538FD0002E7A4 /* Model */,
				E3D86A991D8538FD0002E7A4 /* View */,
				E3D86AD41D8538FD0002E7A4 /* ViewModel */,
			);
			path = Classes;
			sourceTree = "<group>";
		};
		E3D86A8A1D8538FD0002E7A4 /* Commom */ = {
			isa = PBXGroup;
			children = (
				E3D86A8B1D8538FD0002E7A4 /* AFHTTPTool.h */,
				E3D86A8C1D8538FD0002E7A4 /* AFHTTPTool.m */,
				E3D86A8D1D8538FD0002E7A4 /* UIView+Frame.h */,
				E3D86A8E1D8538FD0002E7A4 /* UIView+Frame.m */,
				E3D86B101D857C980002E7A4 /* LBUserShopCar.h */,
				E3D86B111D857C980002E7A4 /* LBUserShopCar.m */,
				E3CB46011D86971000FDAAF5 /* LBRefreshHeaderView.h */,
				E3CB46021D86971000FDAAF5 /* LBRefreshHeaderView.m */,
			);
			path = Commom;
			sourceTree = "<group>";
		};
		E3D86A8F1D8538FD0002E7A4 /* Lib */ = {
			isa = PBXGroup;
			children = (
				E3D86A901D8538FD0002E7A4 /* Log */,
			);
			path = Lib;
			sourceTree = "<group>";
		};
		E3D86A901D8538FD0002E7A4 /* Log */ = {
			isa = PBXGroup;
			children = (
				E3D86A911D8538FD0002E7A4 /* NSArray+Log.h */,
				E3D86A921D8538FD0002E7A4 /* NSArray+Log.m */,
			);
			path = Log;
			sourceTree = "<group>";
		};
		E3D86A931D8538FD0002E7A4 /* Model */ = {
			isa = PBXGroup;
			children = (
				E3D86A941D8538FD0002E7A4 /* Home */,
			);
			path = Model;
			sourceTree = "<group>";
		};
		E3D86A941D8538FD0002E7A4 /* Home */ = {
			isa = PBXGroup;
			children = (
				E3D86A951D8538FD0002E7A4 /* LBGoodsModel.h */,
				E3D86A961D8538FD0002E7A4 /* LBGoodsModel.m */,
				E3D86A971D8538FD0002E7A4 /* LBHomeActivitieModel.h */,
				E3D86A981D8538FD0002E7A4 /* LBHomeActivitieModel.m */,
			);
			path = Home;
			sourceTree = "<group>";
		};
		E3D86A991D8538FD0002E7A4 /* View */ = {
			isa = PBXGroup;
			children = (
				E3D86A9A1D8538FD0002E7A4 /* Gudie */,
				E3D86AA21D8538FD0002E7A4 /* Home */,
				E3D86AB01D8538FD0002E7A4 /* Main */,
				E3D86AB71D8538FD0002E7A4 /* Profile */,
				E3D86ACB1D8538FD0002E7A4 /* Shopping */,
				E3D86ACD1D8538FD0002E7A4 /* Supermarket */,
			);
			path = View;
			sourceTree = "<group>";
		};
		E3D86A9A1D8538FD0002E7A4 /* Gudie */ = {
			isa = PBXGroup;
			children = (
				E3D86A9B1D8538FD0002E7A4 /* Controller */,
				E3D86A9F1D8538FD0002E7A4 /* View */,
			);
			path = Gudie;
			sourceTree = "<group>";
		};
		E3D86A9B1D8538FD0002E7A4 /* Controller */ = {
			isa = PBXGroup;
			children = (
				E3D86A9C1D8538FD0002E7A4 /* LBGuideCollectionViewController.h */,
				E3D86A9D1D8538FD0002E7A4 /* LBGuideCollectionViewController.m */,
				E3D86A9E1D8538FD0002E7A4 /* PrefixHeader.pch */,
			);
			path = Controller;
			sourceTree = "<group>";
		};
		E3D86A9F1D8538FD0002E7A4 /* View */ = {
			isa = PBXGroup;
			children = (
				E3D86AA01D8538FD0002E7A4 /* LBGuideCell.h */,
				E3D86AA11D8538FD0002E7A4 /* LBGuideCell.m */,
			);
			path = View;
			sourceTree = "<group>";
		};
		E3D86AA21D8538FD0002E7A4 /* Home */ = {
			isa = PBXGroup;
			children = (
				E3D86AFC1D8541110002E7A4 /* Controller */,
				E3D86B011D8541110002E7A4 /* View */,
			);
			path = Home;
			sourceTree = "<group>";
		};
		E3D86AB01D8538FD0002E7A4 /* Main */ = {
			isa = PBXGroup;
			children = (
				E3D86AB11D8538FD0002E7A4 /* LBBaseNavController.h */,
				E3D86AB21D8538FD0002E7A4 /* LBBaseNavController.m */,
				E3D86AB31D8538FD0002E7A4 /* LBMainViewController.h */,
				E3D86AB41D8538FD0002E7A4 /* LBMainViewController.m */,
				E3D86AB51D8538FD0002E7A4 /* LBTabBarController.h */,
				E3D86AB61D8538FD0002E7A4 /* LBTabBarController.m */,
			);
			path = Main;
			sourceTree = "<group>";
		};
		E3D86AB71D8538FD0002E7A4 /* Profile */ = {
			isa = PBXGroup;
			children = (
				E3D86AB81D8538FD0002E7A4 /* LBgoodsViewController.h */,
				E3D86AB91D8538FD0002E7A4 /* LBgoodsViewController.m */,
				E3D86ABA1D8538FD0002E7A4 /* LBMeCell.h */,
				E3D86ABB1D8538FD0002E7A4 /* LBMeCell.m */,
				E3D86ABC1D8538FD0002E7A4 /* LBMeCell.xib */,
				E3D86ABD1D8538FD0002E7A4 /* LBMeFourCell.h */,
				E3D86ABE1D8538FD0002E7A4 /* LBMeFourCell.m */,
				E3D86ABF1D8538FD0002E7A4 /* LBMeFourCell.xib */,
				E3D86AC01D8538FD0002E7A4 /* LBMeorderViewController.h */,
				E3D86AC11D8538FD0002E7A4 /* LBMeorderViewController.m */,
				E3D86AC21D8538FD0002E7A4 /* LBMeTableViewController.h */,
				E3D86AC31D8538FD0002E7A4 /* LBMeTableViewController.m */,
				E3D86AC41D8538FD0002E7A4 /* LBMeTwoCell.h */,
				E3D86AC51D8538FD0002E7A4 /* LBMeTwoCell.m */,
				E3D86AC61D8538FD0002E7A4 /* LBMeTwoCell.xib */,
				E3D86AC71D8538FD0002E7A4 /* LBThreeCell.h */,
				E3D86AC81D8538FD0002E7A4 /* LBThreeCell.m */,
				E3D86AC91D8538FD0002E7A4 /* LBThreeCell.xib */,
				E3D86ACA1D8538FD0002E7A4 /* Me.storyboard */,
			);
			path = Profile;
			sourceTree = "<group>";
		};
		E3D86ACB1D8538FD0002E7A4 /* Shopping */ = {
			isa = PBXGroup;
			children = (
				E3D86ACC1D8538FD0002E7A4 /* Shopping.storyboard */,
			);
			path = Shopping;
			sourceTree = "<group>";
		};
		E3D86ACD1D8538FD0002E7A4 /* Supermarket */ = {
			isa = PBXGroup;
			children = (
				E3D86ACE1D8538FD0002E7A4 /* LBSupermarketViewController.h */,
				E3D86ACF1D8538FD0002E7A4 /* LBSupermarketViewController.m */,
				E3D86AD01D8538FD0002E7A4 /* Supermarket.storyboard */,
				E3D86AD11D8538FD0002E7A4 /* View */,
			);
			path = Supermarket;
			sourceTree = "<group>";
		};
		E3D86AD11D8538FD0002E7A4 /* View */ = {
			isa = PBXGroup;
			children = (
				E3D86AD21D8538FD0002E7A4 /* LBRightTableViewCell.h */,
				E3D86AD31D8538FD0002E7A4 /* LBRightTableViewCell.m */,
			);
			path = View;
			sourceTree = "<group>";
		};
		E3D86AD41D8538FD0002E7A4 /* ViewModel */ = {
			isa = PBXGroup;
			children = (
				E3D86AD51D8538FD0002E7A4 /* LBHomeViewModel.h */,
				E3D86AD61D8538FD0002E7A4 /* LBHomeViewModel.m */,
				E3D86AD71D8538FD0002E7A4 /* LBSuperLeftTableViewModel.h */,
				E3D86AD81D8538FD0002E7A4 /* LBSuperLeftTableViewModel.m */,
			);
			path = ViewModel;
			sourceTree = "<group>";
		};
		E3D86AFC1D8541110002E7A4 /* Controller */ = {
			isa = PBXGroup;
			children = (
				E3D86AFD1D8541110002E7A4 /* LBHomeViewController.h */,
				E3D86AFE1D8541110002E7A4 /* LBHomeViewController.m */,
				E3D86AFF1D8541110002E7A4 /* LBWebViewController.h */,
				E3D86B001D8541110002E7A4 /* LBWebViewController.m */,
			);
			path = Controller;
			sourceTree = "<group>";
		};
		E3D86B011D8541110002E7A4 /* View */ = {
			isa = PBXGroup;
			children = (
				E3D86AA31D8538FD0002E7A4 /* Home.storyboard */,
				E3D86B021D8541110002E7A4 /* LBBuyView.h */,
				E3D86B031D8541110002E7A4 /* LBBuyView.m */,
				E3D86B041D8541110002E7A4 /* LBHomeCell.h */,
				E3D86B051D8541110002E7A4 /* LBHomeCell.m */,
				E3D86B061D8541110002E7A4 /* LBHomeHeadView.h */,
				E3D86B071D8541110002E7A4 /* LBHomeHeadView.m */,
				E3D86B081D8541110002E7A4 /* LBPriceView.h */,
				E3D86B091D8541110002E7A4 /* LBPriceView.m */,
			);
			path = View;
			sourceTree = "<group>";
		};
/* End PBXGroup section */

/* Begin PBXNativeTarget section */
		23E820CF1D80F42A007A7205 /* LoveBee */ = {
			isa = PBXNativeTarget;
			buildConfigurationList = 23E820E71D80F42A007A7205 /* Build configuration list for PBXNativeTarget "LoveBee" */;
			buildPhases = (
				AC61A92F9050AFB874BF77F8 /* [CP] Check Pods Manifest.lock */,
				23E820CC1D80F42A007A7205 /* Sources */,
				23E820CD1D80F42A007A7205 /* Frameworks */,
				23E820CE1D80F42A007A7205 /* Resources */,
				9EB7539662C1C0AB2D1167A7 /* [CP] Embed Pods Frameworks */,
				6AE4AAC87F46B0E823E13C9D /* [CP] Copy Pods Resources */,
			);
			buildRules = (
			);
			dependencies = (
			);
			name = LoveBee;
			productName = LoveBee;
			productReference = 23E820D01D80F42A007A7205 /* LoveBee.app */;
			productType = "com.apple.product-type.application";
		};
/* End PBXNativeTarget section */

/* Begin PBXProject section */
		23E820C81D80F42A007A7205 /* Project object */ = {
			isa = PBXProject;
			attributes = {
				CLASSPREFIX = LB;
				LastUpgradeCheck = 0720;
				ORGANIZATIONNAME = apple;
				TargetAttributes = {
					23E820CF1D80F42A007A7205 = {
						CreatedOnToolsVersion = 7.2.1;
						DevelopmentTeam = 5MEXLWRT9E;
					};
				};
			};
			buildConfigurationList = 23E820CB1D80F42A007A7205 /* Build configuration list for PBXProject "LoveBee" */;
			compatibilityVersion = "Xcode 3.2";
			developmentRegion = English;
			hasScannedForEncodings = 0;
			knownRegions = (
				en,
				Base,
			);
			mainGroup = 23E820C71D80F42A007A7205;
			productRefGroup = 23E820D11D80F42A007A7205 /* Products */;
			projectDirPath = "";
			projectRoot = "";
			targets = (
				23E820CF1D80F42A007A7205 /* LoveBee */,
			);
		};
/* End PBXProject section */

/* Begin PBXResourcesBuildPhase section */
		23E820CE1D80F42A007A7205 /* Resources */ = {
			isa = PBXResourcesBuildPhase;
			buildActionMask = 2147483647;
			files = (
				E3D86AF41D8538FD0002E7A4 /* LBThreeCell.xib in Resources */,
				E3D86AEC1D8538FD0002E7A4 /* LBMeCell.xib in Resources */,
				E3D86AF61D8538FD0002E7A4 /* Shopping.storyboard in Resources */,
				E3D86AF81D8538FD0002E7A4 /* Supermarket.storyboard in Resources */,
				E3D86AEE1D8538FD0002E7A4 /* LBMeFourCell.xib in Resources */,
				E3D86AF21D8538FD0002E7A4 /* LBMeTwoCell.xib in Resources */,
				23E820E01D80F42A007A7205 /* Assets.xcassets in Resources */,
				E3D86AF51D8538FD0002E7A4 /* Me.storyboard in Resources */,
				E3D86AE01D8538FD0002E7A4 /* Home.storyboard in Resources */,
			);
			runOnlyForDeploymentPostprocessing = 0;
		};
/* End PBXResourcesBuildPhase section */

/* Begin PBXShellScriptBuildPhase section */
		6AE4AAC87F46B0E823E13C9D /* [CP] Copy Pods Resources */ = {
			isa = PBXShellScriptBuildPhase;
			buildActionMask = 2147483647;
			files = (
			);
			inputPaths = (
			);
			name = "[CP] Copy Pods Resources";
			outputPaths = (
			);
			runOnlyForDeploymentPostprocessing = 0;
			shellPath = /bin/sh;
			shellScript = "\"${SRCROOT}/Pods/Target Support Files/Pods-LoveBee/Pods-LoveBee-resources.sh\"\n";
			showEnvVarsInLog = 0;
		};
		9EB7539662C1C0AB2D1167A7 /* [CP] Embed Pods Frameworks */ = {
			isa = PBXShellScriptBuildPhase;
			buildActionMask = 2147483647;
			files = (
			);
			inputPaths = (
			);
			name = "[CP] Embed Pods Frameworks";
			outputPaths = (
			);
			runOnlyForDeploymentPostprocessing = 0;
			shellPath = /bin/sh;
			shellScript = "\"${SRCROOT}/Pods/Target Support Files/Pods-LoveBee/Pods-LoveBee-frameworks.sh\"\n";
			showEnvVarsInLog = 0;
		};
		AC61A92F9050AFB874BF77F8 /* [CP] Check Pods Manifest.lock */ = {
			isa = PBXShellScriptBuildPhase;
			buildActionMask = 2147483647;
			files = (
			);
			inputPaths = (
			);
			name = "[CP] Check Pods Manifest.lock";
			outputPaths = (
			);
			runOnlyForDeploymentPostprocessing = 0;
			shellPath = /bin/sh;
			shellScript = "diff \"${PODS_ROOT}/../Podfile.lock\" \"${PODS_ROOT}/Manifest.lock\" > /dev/null\nif [[ $? != 0 ]] ; then\n    cat << EOM\nerror: The sandbox is not in sync with the Podfile.lock. Run 'pod install' or update your CocoaPods installation.\nEOM\n    exit 1\nfi\n";
			showEnvVarsInLog = 0;
		};
/* End PBXShellScriptBuildPhase section */

/* Begin PBXSourcesBuildPhase section */
		23E820CC1D80F42A007A7205 /* Sources */ = {
			isa = PBXSourcesBuildPhase;
			buildActionMask = 2147483647;
			files = (
				E3D86AE91D8538FD0002E7A4 /* LBTabBarController.m in Sources */,
				E3D86AF11D8538FD0002E7A4 /* LBMeTwoCell.m in Sources */,
				E3D86ADB1D8538FD0002E7A4 /* NSArray+Log.m in Sources */,
				E3D86AF71D8538FD0002E7A4 /* LBSupermarketViewController.m in Sources */,
				E3D86AF91D8538FD0002E7A4 /* LBRightTableViewCell.m in Sources */,
				E3D86B121D857C980002E7A4 /* LBUserShopCar.m in Sources */,
				E3CB46031D86971000FDAAF5 /* LBRefreshHeaderView.m in Sources */,
				E3D86AE71D8538FD0002E7A4 /* LBBaseNavController.m in Sources */,
				E3D86ADE1D8538FD0002E7A4 /* LBGuideCollectionViewController.m in Sources */,
				E3D86B0A1D8541110002E7A4 /* LBHomeViewController.m in Sources */,
				E3D86AEF1D8538FD0002E7A4 /* LBMeorderViewController.m in Sources */,
				E3D86B0B1D8541110002E7A4 /* LBWebViewController.m in Sources */,
				E3D86AF01D8538FD0002E7A4 /* LBMeTableViewController.m in Sources */,
				E3D86B0C1D8541110002E7A4 /* LBBuyView.m in Sources */,
				E3D86ADD1D8538FD0002E7A4 /* LBHomeActivitieModel.m in Sources */,
				E3D86ADA1D8538FD0002E7A4 /* UIView+Frame.m in Sources */,
				23E820D81D80F42A007A7205 /* AppDelegate.m in Sources */,
				E3D86B0F1D8541110002E7A4 /* LBPriceView.m in Sources */,
				E3D86AF31D8538FD0002E7A4 /* LBThreeCell.m in Sources */,
				E3D86AFA1D8538FD0002E7A4 /* LBHomeViewModel.m in Sources */,
				E3D86AEB1D8538FD0002E7A4 /* LBMeCell.m in Sources */,
				E3D86B0D1D8541110002E7A4 /* LBHomeCell.m in Sources */,
				E3D86B0E1D8541110002E7A4 /* LBHomeHeadView.m in Sources */,
				E3D86AD91D8538FD0002E7A4 /* AFHTTPTool.m in Sources */,
				E3D86ADC1D8538FD0002E7A4 /* LBGoodsModel.m in Sources */,
				E3D86AEA1D8538FD0002E7A4 /* LBgoodsViewController.m in Sources */,
				E3D86AE81D8538FD0002E7A4 /* LBMainViewController.m in Sources */,
				E3D86ADF1D8538FD0002E7A4 /* LBGuideCell.m in Sources */,
				23E820D51D80F42A007A7205 /* main.m in Sources */,
				E3D86AFB1D8538FD0002E7A4 /* LBSuperLeftTableViewModel.m in Sources */,
				E3D86AED1D8538FD0002E7A4 /* LBMeFourCell.m in Sources */,
			);
			runOnlyForDeploymentPostprocessing = 0;
		};
/* End PBXSourcesBuildPhase section */

/* Begin XCBuildConfiguration section */
		23E820E51D80F42A007A7205 /* Debug */ = {
			isa = XCBuildConfiguration;
			buildSettings = {
				ALWAYS_SEARCH_USER_PATHS = NO;
				CLANG_CXX_LANGUAGE_STANDARD = "gnu++0x";
				CLANG_CXX_LIBRARY = "libc++";
				CLANG_ENABLE_MODULES = YES;
				CLANG_ENABLE_OBJC_ARC = YES;
				CLANG_WARN_BOOL_CONVERSION = YES;
				CLANG_WARN_CONSTANT_CONVERSION = YES;
				CLANG_WARN_DIRECT_OBJC_ISA_USAGE = YES_ERROR;
				CLANG_WARN_EMPTY_BODY = YES;
				CLANG_WARN_ENUM_CONVERSION = YES;
				CLANG_WARN_INT_CONVERSION = YES;
				CLANG_WARN_OBJC_ROOT_CLASS = YES_ERROR;
				CLANG_WARN_UNREACHABLE_CODE = YES;
				CLANG_WARN__DUPLICATE_METHOD_MATCH = YES;
				"CODE_SIGN_IDENTITY[sdk=iphoneos*]" = "iPhone Developer";
				COPY_PHASE_STRIP = NO;
				DEBUG_INFORMATION_FORMAT = dwarf;
				ENABLE_STRICT_OBJC_MSGSEND = YES;
				ENABLE_TESTABILITY = YES;
				GCC_C_LANGUAGE_STANDARD = gnu99;
				GCC_DYNAMIC_NO_PIC = NO;
				GCC_NO_COMMON_BLOCKS = YES;
				GCC_OPTIMIZATION_LEVEL = 0;
				GCC_PREPROCESSOR_DEFINITIONS = (
					"DEBUG=1",
					"$(inherited)",
				);
				GCC_WARN_64_TO_32_BIT_CONVERSION = YES;
				GCC_WARN_ABOUT_RETURN_TYPE = YES_ERROR;
				GCC_WARN_UNDECLARED_SELECTOR = YES;
				GCC_WARN_UNINITIALIZED_AUTOS = YES_AGGRESSIVE;
				GCC_WARN_UNUSED_FUNCTION = YES;
				GCC_WARN_UNUSED_VARIABLE = YES;
				IPHONEOS_DEPLOYMENT_TARGET = 9.2;
				MTL_ENABLE_DEBUG_INFO = YES;
				ONLY_ACTIVE_ARCH = YES;
				SDKROOT = iphoneos;
			};
			name = Debug;
		};
		23E820E61D80F42A007A7205 /* Release */ = {
			isa = XCBuildConfiguration;
			buildSettings = {
				ALWAYS_SEARCH_USER_PATHS = NO;
				CLANG_CXX_LANGUAGE_STANDARD = "gnu++0x";
				CLANG_CXX_LIBRARY = "libc++";
				CLANG_ENABLE_MODULES = YES;
				CLANG_ENABLE_OBJC_ARC = YES;
				CLANG_WARN_BOOL_CONVERSION = YES;
				CLANG_WARN_CONSTANT_CONVERSION = YES;
				CLANG_WARN_DIRECT_OBJC_ISA_USAGE = YES_ERROR;
				CLANG_WARN_EMPTY_BODY = YES;
				CLANG_WARN_ENUM_CONVERSION = YES;
				CLANG_WARN_INT_CONVERSION = YES;
				CLANG_WARN_OBJC_ROOT_CLASS = YES_ERROR;
				CLANG_WARN_UNREACHABLE_CODE = YES;
				CLANG_WARN__DUPLICATE_METHOD_MATCH = YES;
				"CODE_SIGN_IDENTITY[sdk=iphoneos*]" = "iPhone Developer";
				COPY_PHASE_STRIP = NO;
				DEBUG_INFORMATION_FORMAT = "dwarf-with-dsym";
				ENABLE_NS_ASSERTIONS = NO;
				ENABLE_STRICT_OBJC_MSGSEND = YES;
				GCC_C_LANGUAGE_STANDARD = gnu99;
				GCC_NO_COMMON_BLOCKS = YES;
				GCC_WARN_64_TO_32_BIT_CONVERSION = YES;
				GCC_WARN_ABOUT_RETURN_TYPE = YES_ERROR;
				GCC_WARN_UNDECLARED_SELECTOR = YES;
				GCC_WARN_UNINITIALIZED_AUTOS = YES_AGGRESSIVE;
				GCC_WARN_UNUSED_FUNCTION = YES;
				GCC_WARN_UNUSED_VARIABLE = YES;
				IPHONEOS_DEPLOYMENT_TARGET = 9.2;
				MTL_ENABLE_DEBUG_INFO = NO;
				SDKROOT = iphoneos;
				VALIDATE_PRODUCT = YES;
			};
			name = Release;
		};
		23E820E81D80F42A007A7205 /* Debug */ = {
			isa = XCBuildConfiguration;
			baseConfigurationReference = 204A6523747E0B100050B0B6 /* Pods-LoveBee.debug.xcconfig */;
			buildSettings = {
				ASSETCATALOG_COMPILER_APPICON_NAME = AppIcon;
				ASSETCATALOG_COMPILER_LAUNCHIMAGE_NAME = "Brand Assets";
				GCC_PREFIX_HEADER = LoveBee/PrefixHeader.pch;
				INFOPLIST_FILE = LoveBee/Info.plist;
				IPHONEOS_DEPLOYMENT_TARGET = 8.1;
				LD_RUNPATH_SEARCH_PATHS = "$(inherited) @executable_path/Frameworks";
				PRODUCT_BUNDLE_IDENTIFIER = cn.itcast.LoveBee;
				PRODUCT_NAME = "$(TARGET_NAME)";
			};
			name = Debug;
		};
		23E820E91D80F42A007A7205 /* Release */ = {
			isa = XCBuildConfiguration;
			baseConfigurationReference = 6AC67DAE5FAE794132970D32 /* Pods-LoveBee.release.xcconfig */;
			buildSettings = {
				ASSETCATALOG_COMPILER_APPICON_NAME = AppIcon;
				ASSETCATALOG_COMPILER_LAUNCHIMAGE_NAME = "Brand Assets";
				GCC_PREFIX_HEADER = LoveBee/PrefixHeader.pch;
				INFOPLIST_FILE = LoveBee/Info.plist;
				IPHONEOS_DEPLOYMENT_TARGET = 8.1;
				LD_RUNPATH_SEARCH_PATHS = "$(inherited) @executable_path/Frameworks";
				PRODUCT_BUNDLE_IDENTIFIER = cn.itcast.LoveBee;
				PRODUCT_NAME = "$(TARGET_NAME)";
			};
			name = Release;
		};
/* End XCBuildConfiguration section */

/* Begin XCConfigurationList section */
		23E820CB1D80F42A007A7205 /* Build configuration list for PBXProject "LoveBee" */ = {
			isa = XCConfigurationList;
			buildConfigurations = (
				23E820E51D80F42A007A7205 /* Debug */,
				23E820E61D80F42A007A7205 /* Release */,
			);
			defaultConfigurationIsVisible = 0;
			defaultConfigurationName = Release;
		};
		23E820E71D80F42A007A7205 /* Build configuration list for PBXNativeTarget "LoveBee" */ = {
			isa = XCConfigurationList;
			buildConfigurations = (
				23E820E81D80F42A007A7205 /* Debug */,
				23E820E91D80F42A007A7205 /* Release */,
			);
			defaultConfigurationIsVisible = 0;
			defaultConfigurationName = Release;
		};
/* End XCConfigurationList section */
	};
	rootObject = 23E820C81D80F42A007A7205 /* Project object */;
}
